{
  "name": "synthetics-demo",
  "lockfileVersion": 2,
  "requires": true,
  "packages": {
    "": {
      "dependencies": {
        "@types/node": "^18.7.11"
      }
    },
    "node_modules/@types/node": {
      "version": "18.7.11",
      "resolved": "https://registry.npmjs.org/@types/node/-/node-18.7.11.tgz",
      "integrity": "sha512-KZhFpSLlmK/sdocfSAjqPETTMd0ug6HIMIAwkwUpU79olnZdQtMxpQP+G1wDzCH7na+FltSIhbaZuKdwZ8RDrw=="
    }
  },
  "dependencies": {
    "@types/node": {
      "version": "18.7.11",
      "resolved": "https://registry.npmjs.org/@types/node/-/node-18.7.11.tgz",
      "integrity": "sha512-KZhFpSLlmK/sdocfSAjqPETTMd0ug6HIMIAwkwUpU79olnZdQtMxpQP+G1wDzCH7na+FltSIhbaZuKdwZ8RDrw=="
    }
  }
}
